{
  "name": "src",
  "version": "1.0.0",
  "lockfileVersion": 3,
  "requires": true,
  "packages": {
    "": {
      "name": "src",
      "version": "1.0.0",
      "license": "ISC",
      "devDependencies": {
        "tui": "file:../../../tui"
      }
    },
    "../../../tui": {
      "version": "7.5.4",
      "dev": true,
      "bin": {
        "tui": "bin/index.mjs"
      }
    },
    "node_modules/tui": {
      "resolved": "../../../tui",
      "link": true
    }
  }
}
