{
  "name": "tuijs-router",
  "version": "0.7.3",
  "lockfileVersion": 3,
  "requires": true,
  "packages": {
    "": {
      "name": "tuijs-router",
      "version": "0.7.3",
      "license": "MIT",
      "dependencies": {
        "tuijs-event": "^0.2.1",
        "tuijs-util": "^1.4.9"
      }
    },
    "node_modules/tuijs-event": {
      "version": "0.2.1",
      "resolved": "https://registry.npmjs.org/tuijs-event/-/tuijs-event-0.2.1.tgz",
      "integrity": "sha512-gqZ6/nY/uYoydhLNX7tpKtjJb3VrafvQGArJBuCMpGqfpICJRR+m0XtBbm+kChxei/E018tTbtMtEi4+2GeuKg==",
      "license": "MIT",
      "dependencies": {
        "tuijs-util": "^1.4.1"
      }
    },
    "node_modules/tuijs-util": {
      "version": "1.4.9",
      "resolved": "https://registry.npmjs.org/tuijs-util/-/tuijs-util-1.4.9.tgz",
      "integrity": "sha512-5P8n2ZxWLL2ku6ozE7JACUiQup46Kr0XE3YzeqBtENmiPlReagIIi4buzbUNlZT+Djycm7UEQtMULGO4VFE9Fg==",
      "license": "MIT"
    }
  }
}
