{
  "name": "tuijs-router",
  "version": "0.3.0",
  "lockfileVersion": 3,
  "requires": true,
  "packages": {
    "": {
      "name": "tuijs-router",
      "version": "0.3.0",
      "license": "MIT",
      "dependencies": {
        "tuijs-util": "^1.4.1"
      }
    },
    "node_modules/tuijs-util": {
      "version": "1.4.1",
      "resolved": "https://registry.npmjs.org/tuijs-util/-/tuijs-util-1.4.1.tgz",
      "integrity": "sha512-x0+l+ZctLXhvCMqoSr8DPSRfk8jEpfLqLKuKG5SLRlzSD7amXURs2p2hZeh3FyP0QPRAe8BYRKUG2KDqLcCT3w==",
      "license": "MIT"
    }
  }
}
