{
  "name": "tuijs-router",
  "version": "0.1.0",
  "lockfileVersion": 3,
  "requires": true,
  "packages": {
    "": {
      "name": "tuijs-router",
      "version": "0.1.0",
      "license": "MIT",
      "dependencies": {
        "tuijs-meta": "^0.0.6",
        "tuijs-util": "^1.1.4"
      }
    },
    "node_modules/tuijs-meta": {
      "version": "0.0.6",
      "resolved": "https://registry.npmjs.org/tuijs-meta/-/tuijs-meta-0.0.6.tgz",
      "integrity": "sha512-31STwpaE/dKB2inlPlD/wIKwB6hfp8YKXtPJ3BKa5OwU2/Ro+ReJEk5Qgh81PIPk2pD69Ea0TFbe6Sza7GQD5Q==",
      "license": "MIT",
      "dependencies": {
        "tuijs-util": "^1.1.4"
      }
    },
    "node_modules/tuijs-util": {
      "version": "1.2.0",
      "resolved": "https://registry.npmjs.org/tuijs-util/-/tuijs-util-1.2.0.tgz",
      "integrity": "sha512-SMfw4gcRISek5oa3IAUb3tulHaad0H6dwCucd91qHqUPvjUBB6l4QQ86MlBj3Wr5Yt3CIMhjUuTA8kii4Rxojw==",
      "license": "MIT"
    }
  }
}
